{
  "name": "2",
  "lockfileVersion": 3,
  "requires": true,
  "packages": {
    "": {
      "dependencies": {
        "big-number": "github:alexbardas/bignumber.js"
      }
    },
    "node_modules/big-number": {
      "version": "2.0.0",
      "resolved": "git+ssh://git@github.com/alexbardas/bignumber.js.git#a17195f2cb49bcd86ebaaf8f161a03e82b94d6fc",
      "license": "MIT"
    }
  }
}
